{
  "name": "google-big-query-uuid",
  "version": "1.0.0",
  "lockfileVersion": 1,
  "requires": true,
  "dependencies": {
    "big-integer": {
      "version": "1.6.31",
      "resolved": "https://registry.npmjs.org/big-integer/-/big-integer-1.6.31.tgz",
      "integrity": "sha512-lDbZNHHwxDKnjP7LWg2leO+tjs4SyVs2Z83dsR1Idbe2urRnxZAUdeQ8YBhHaGaWK/4WM3mz+RlbZsgqck17CA=="
    },
    "uuid-encoder": {
      "version": "1.1.0",
      "resolved": "https://registry.npmjs.org/uuid-encoder/-/uuid-encoder-1.1.0.tgz",
      "integrity": "sha512-7KQlrUHkAYGA8bA4N1VX7C+PIaCuub8qG93S6s1Te/I78CwLiSnID+3WaCeNYKb6uj1Lqwjsf1EhBVXHZY64tQ==",
      "requires": {
        "big-integer": "1.6.31"
      }
    }
  }
}
